
Microsoft Visual Studio Solution File, Format Version 12.00
# Visual Studio Version 17
VisualStudioVersion = 17.7.34031.279
MinimumVisualStudioVersion = 10.0.40219.1
Project("{FAE04EC0-301F-11D3-BF4B-00C04F79EFBC}") = "BuyuNot", "BuyuNot\BuyuNot.csproj", "{B729AD85-8FEC-445A-AA7F-9CCBB281B195}"
EndProject
Project("{FAE04EC0-301F-11D3-BF4B-00C04F79EFBC}") = "DataAccessLayer", "DataAccessLayer\DataAccessLayer.csproj", "{888D6403-3A52-400D-9B8F-DB497F0D8181}"
EndProject
Global
	GlobalSection(SolutionConfigurationPlatforms) = preSolution
		Debug|Any CPU = Debug|Any CPU
		Release|Any CPU = Release|Any CPU
	EndGlobalSection
	GlobalSection(ProjectConfigurationPlatforms) = postSolution
		{B729AD85-8FEC-445A-AA7F-9CCBB281B195}.Debug|Any CPU.ActiveCfg = Debug|Any CPU
		{B729AD85-8FEC-445A-AA7F-9CCBB281B195}.Debug|Any CPU.Build.0 = Debug|Any CPU
		{B729AD85-8FEC-445A-AA7F-9CCBB281B195}.Release|Any CPU.ActiveCfg = Release|Any CPU
		{B729AD85-8FEC-445A-AA7F-9CCBB281B195}.Release|Any CPU.Build.0 = Release|Any CPU
		{888D6403-3A52-400D-9B8F-DB497F0D8181}.Debug|Any CPU.ActiveCfg = Debug|Any CPU
		{888D6403-3A52-400D-9B8F-DB497F0D8181}.Debug|Any CPU.Build.0 = Debug|Any CPU
		{888D6403-3A52-400D-9B8F-DB497F0D8181}.Release|Any CPU.ActiveCfg = Release|Any CPU
		{888D6403-3A52-400D-9B8F-DB497F0D8181}.Release|Any CPU.Build.0 = Release|Any CPU
	EndGlobalSection
	GlobalSection(SolutionProperties) = preSolution
		HideSolutionNode = FALSE
	EndGlobalSection
	GlobalSection(ExtensibilityGlobals) = postSolution
		SolutionGuid = {B3271B3B-56B3-4C18-929A-64034C51560D}
	EndGlobalSection
EndGlobal
